// !$*UTF8*$!
{
	archiveVersion = 1;
	classes = {
	};
	objectVersion = 46;
	objects = {

/* Begin PBXBuildFile section */
		3813A5301DB70AF300D8C869 /* APIClient.swift in Sources */ = {isa = PBXBuildFile; fileRef = 3813A52F1DB70AF300D8C869 /* APIClient.swift */; };
		3818F6331D990108002A15BE /* Alamofire.framework in Frameworks */ = {isa = PBXBuildFile; fileRef = 3818F6311D990108002A15BE /* Alamofire.framework */; };
		3818F6341D990108002A15BE /* SwiftyJSON.framework in Frameworks */ = {isa = PBXBuildFile; fileRef = 3818F6321D990108002A15BE /* SwiftyJSON.framework */; };
		382BE1331D921E8500554873 /* AppDelegate.swift in Sources */ = {isa = PBXBuildFile; fileRef = 382BE1321D921E8500554873 /* AppDelegate.swift */; };
		382BE1381D921E8600554873 /* Main.storyboard in Resources */ = {isa = PBXBuildFile; fileRef = 382BE1361D921E8600554873 /* Main.storyboard */; };
		382BE13A1D921E8600554873 /* Assets.xcassets in Resources */ = {isa = PBXBuildFile; fileRef = 382BE1391D921E8600554873 /* Assets.xcassets */; };
		382BE13D1D921E8600554873 /* LaunchScreen.storyboard in Resources */ = {isa = PBXBuildFile; fileRef = 382BE13B1D921E8600554873 /* LaunchScreen.storyboard */; };
		385C09A81DB6F7C100D03A5C /* AlamofireObjectMapper.framework in Frameworks */ = {isa = PBXBuildFile; fileRef = 388F38161DB6DB5C006CD44C /* AlamofireObjectMapper.framework */; };
		385C09AB1DB6F87300D03A5C /* ViewController.swift in Sources */ = {isa = PBXBuildFile; fileRef = 382BE1341D921E8500554873 /* ViewController.swift */; };
		3873E5B71DB99E69008BBF43 /* JSONModel.swift in Sources */ = {isa = PBXBuildFile; fileRef = 3873E5B61DB99E69008BBF43 /* JSONModel.swift */; };
		388F38191DB6DB61006CD44C /* ObjectMapper.framework in Frameworks */ = {isa = PBXBuildFile; fileRef = 388F38181DB6DB61006CD44C /* ObjectMapper.framework */; };
		38D633CC1DB6D39000AD0CE1 /* Movie.swift in Sources */ = {isa = PBXBuildFile; fileRef = 38D633CB1DB6D39000AD0CE1 /* Movie.swift */; };
		38F6530C1D9447BE00448C2E /* ResultViewController.swift in Sources */ = {isa = PBXBuildFile; fileRef = 38F6530B1D9447BE00448C2E /* ResultViewController.swift */; };
		723DD9246051CD952B76240C /* Pods_Watchlist.framework in Frameworks */ = {isa = PBXBuildFile; fileRef = E8D624AD8ADBCB70E80EA0D7 /* Pods_Watchlist.framework */; };
/* End PBXBuildFile section */

/* Begin PBXFileReference section */
		2319DCD9A8CC49AADF436278 /* Pods-Watchlist.debug.xcconfig */ = {isa = PBXFileReference; includeInIndex = 1; lastKnownFileType = text.xcconfig; name = "Pods-Watchlist.debug.xcconfig"; path = "Pods/Target Support Files/Pods-Watchlist/Pods-Watchlist.debug.xcconfig"; sourceTree = "<group>"; };
		3813A52F1DB70AF300D8C869 /* APIClient.swift */ = {isa = PBXFileReference; fileEncoding = 4; lastKnownFileType = sourcecode.swift; path = APIClient.swift; sourceTree = "<group>"; };
		3818F6311D990108002A15BE /* Alamofire.framework */ = {isa = PBXFileReference; lastKnownFileType = wrapper.framework; name = Alamofire.framework; path = "../../Library/Developer/Xcode/DerivedData/Watchlist-fjaoyvtfuijrudepnncbhewtjbyv/Build/Products/Debug-iphonesimulator/Alamofire/Alamofire.framework"; sourceTree = "<group>"; };
		3818F6321D990108002A15BE /* SwiftyJSON.framework */ = {isa = PBXFileReference; lastKnownFileType = wrapper.framework; name = SwiftyJSON.framework; path = "../../Library/Developer/Xcode/DerivedData/Watchlist-fjaoyvtfuijrudepnncbhewtjbyv/Build/Products/Debug-iphonesimulator/SwiftyJSON/SwiftyJSON.framework"; sourceTree = "<group>"; };
		382BE12F1D921E8500554873 /* Watchlist.app */ = {isa = PBXFileReference; explicitFileType = wrapper.application; includeInIndex = 0; path = Watchlist.app; sourceTree = BUILT_PRODUCTS_DIR; };
		382BE1321D921E8500554873 /* AppDelegate.swift */ = {isa = PBXFileReference; lastKnownFileType = sourcecode.swift; path = AppDelegate.swift; sourceTree = "<group>"; };
		382BE1341D921E8500554873 /* ViewController.swift */ = {isa = PBXFileReference; lastKnownFileType = sourcecode.swift; path = ViewController.swift; sourceTree = "<group>"; };
		382BE1371D921E8600554873 /* Base */ = {isa = PBXFileReference; lastKnownFileType = file.storyboard; name = Base; path = Base.lproj/Main.storyboard; sourceTree = "<group>"; };
		382BE1391D921E8600554873 /* Assets.xcassets */ = {isa = PBXFileReference; lastKnownFileType = folder.assetcatalog; path = Assets.xcassets; sourceTree = "<group>"; };
		382BE13C1D921E8600554873 /* Base */ = {isa = PBXFileReference; lastKnownFileType = file.storyboard; name = Base; path = Base.lproj/LaunchScreen.storyboard; sourceTree = "<group>"; };
		382BE13E1D921E8600554873 /* Info.plist */ = {isa = PBXFileReference; lastKnownFileType = text.plist.xml; path = Info.plist; sourceTree = "<group>"; };
		3873E5B61DB99E69008BBF43 /* JSONModel.swift */ = {isa = PBXFileReference; fileEncoding = 4; lastKnownFileType = sourcecode.swift; name = JSONModel.swift; path = ../../../Desktop/TwitterDemo/TwitterDemo/JSONModel.swift; sourceTree = "<group>"; };
		388F38161DB6DB5C006CD44C /* AlamofireObjectMapper.framework */ = {isa = PBXFileReference; lastKnownFileType = wrapper.framework; name = AlamofireObjectMapper.framework; path = "Pods/../build/Debug-iphoneos/AlamofireObjectMapper/AlamofireObjectMapper.framework"; sourceTree = "<group>"; };
		388F38181DB6DB61006CD44C /* ObjectMapper.framework */ = {isa = PBXFileReference; lastKnownFileType = wrapper.framework; name = ObjectMapper.framework; path = "Pods/../build/Release-iphoneos/ObjectMapper/ObjectMapper.framework"; sourceTree = "<group>"; };
		38D633CB1DB6D39000AD0CE1 /* Movie.swift */ = {isa = PBXFileReference; fileEncoding = 4; lastKnownFileType = sourcecode.swift; path = Movie.swift; sourceTree = "<group>"; };
		38F6530B1D9447BE00448C2E /* ResultViewController.swift */ = {isa = PBXFileReference; fileEncoding = 4; lastKnownFileType = sourcecode.swift; path = ResultViewController.swift; sourceTree = "<group>"; };
		A43B68C62790958F45BD742F /* Pods-Watchlist.release.xcconfig */ = {isa = PBXFileReference; includeInIndex = 1; lastKnownFileType = text.xcconfig; name = "Pods-Watchlist.release.xcconfig"; path = "Pods/Target Support Files/Pods-Watchlist/Pods-Watchlist.release.xcconfig"; sourceTree = "<group>"; };
		E8D624AD8ADBCB70E80EA0D7 /* Pods_Watchlist.framework */ = {isa = PBXFileReference; explicitFileType = wrapper.framework; includeInIndex = 0; path = Pods_Watchlist.framework; sourceTree = BUILT_PRODUCTS_DIR; };
/* End PBXFileReference section */

/* Begin PBXFrameworksBuildPhase section */
		382BE12C1D921E8500554873 /* Frameworks */ = {
			isa = PBXFrameworksBuildPhase;
			buildActionMask = 2147483647;
			files = (
				388F38191DB6DB61006CD44C /* ObjectMapper.framework in Frameworks */,
				385C09A81DB6F7C100D03A5C /* AlamofireObjectMapper.framework in Frameworks */,
				3818F6331D990108002A15BE /* Alamofire.framework in Frameworks */,
				3818F6341D990108002A15BE /* SwiftyJSON.framework in Frameworks */,
				723DD9246051CD952B76240C /* Pods_Watchlist.framework in Frameworks */,
			);
			runOnlyForDeploymentPostprocessing = 0;
		};
/* End PBXFrameworksBuildPhase section */

/* Begin PBXGroup section */
		382BE1261D921E8500554873 = {
			isa = PBXGroup;
			children = (
				382BE1311D921E8500554873 /* Watchlist */,
				382BE1301D921E8500554873 /* Products */,
				A61A729DF0976974439FD63C /* Pods */,
				CC2DE18233510D3F9CB02F51 /* Frameworks */,
			);
			sourceTree = "<group>";
		};
		382BE1301D921E8500554873 /* Products */ = {
			isa = PBXGroup;
			children = (
				382BE12F1D921E8500554873 /* Watchlist.app */,
			);
			name = Products;
			sourceTree = "<group>";
		};
		382BE1311D921E8500554873 /* Watchlist */ = {
			isa = PBXGroup;
			children = (
				382BE1341D921E8500554873 /* ViewController.swift */,
				38F6530B1D9447BE00448C2E /* ResultViewController.swift */,
				38D633CB1DB6D39000AD0CE1 /* Movie.swift */,
				3873E5B61DB99E69008BBF43 /* JSONModel.swift */,
				3813A52F1DB70AF300D8C869 /* APIClient.swift */,
				382BE1321D921E8500554873 /* AppDelegate.swift */,
				382BE1361D921E8600554873 /* Main.storyboard */,
				382BE1391D921E8600554873 /* Assets.xcassets */,
				382BE13B1D921E8600554873 /* LaunchScreen.storyboard */,
				382BE13E1D921E8600554873 /* Info.plist */,
			);
			path = Watchlist;
			sourceTree = "<group>";
		};
		A61A729DF0976974439FD63C /* Pods */ = {
			isa = PBXGroup;
			children = (
				2319DCD9A8CC49AADF436278 /* Pods-Watchlist.debug.xcconfig */,
				A43B68C62790958F45BD742F /* Pods-Watchlist.release.xcconfig */,
			);
			name = Pods;
			sourceTree = "<group>";
		};
		CC2DE18233510D3F9CB02F51 /* Frameworks */ = {
			isa = PBXGroup;
			children = (
				388F38181DB6DB61006CD44C /* ObjectMapper.framework */,
				388F38161DB6DB5C006CD44C /* AlamofireObjectMapper.framework */,
				3818F6311D990108002A15BE /* Alamofire.framework */,
				3818F6321D990108002A15BE /* SwiftyJSON.framework */,
				E8D624AD8ADBCB70E80EA0D7 /* Pods_Watchlist.framework */,
			);
			name = Frameworks;
			sourceTree = "<group>";
		};
/* End PBXGroup section */

/* Begin PBXNativeTarget section */
		382BE12E1D921E8500554873 /* Watchlist */ = {
			isa = PBXNativeTarget;
			buildConfigurationList = 382BE1411D921E8600554873 /* Build configuration list for PBXNativeTarget "Watchlist" */;
			buildPhases = (
				D5595B823E8E5906BFB49867 /* [CP] Check Pods Manifest.lock */,
				382BE12B1D921E8500554873 /* Sources */,
				382BE12C1D921E8500554873 /* Frameworks */,
				382BE12D1D921E8500554873 /* Resources */,
				E43EC7250496CB3A563532DE /* [CP] Embed Pods Frameworks */,
				4EA58E23A3978342A6ABA847 /* [CP] Copy Pods Resources */,
			);
			buildRules = (
			);
			dependencies = (
			);
			name = Watchlist;
			productName = Watchlist;
			productReference = 382BE12F1D921E8500554873 /* Watchlist.app */;
			productType = "com.apple.product-type.application";
		};
/* End PBXNativeTarget section */

/* Begin PBXProject section */
		382BE1271D921E8500554873 /* Project object */ = {
			isa = PBXProject;
			attributes = {
				LastSwiftUpdateCheck = 0730;
				LastUpgradeCheck = 0800;
				ORGANIZATIONNAME = CS3020;
				TargetAttributes = {
					382BE12E1D921E8500554873 = {
						CreatedOnToolsVersion = 7.3.1;
						DevelopmentTeam = JX9E4CJ52Q;
						LastSwiftMigration = 0800;
					};
				};
			};
			buildConfigurationList = 382BE12A1D921E8500554873 /* Build configuration list for PBXProject "Watchlist" */;
			compatibilityVersion = "Xcode 3.2";
			developmentRegion = English;
			hasScannedForEncodings = 0;
			knownRegions = (
				en,
				Base,
			);
			mainGroup = 382BE1261D921E8500554873;
			productRefGroup = 382BE1301D921E8500554873 /* Products */;
			projectDirPath = "";
			projectRoot = "";
			targets = (
				382BE12E1D921E8500554873 /* Watchlist */,
			);
		};
/* End PBXProject section */

/* Begin PBXResourcesBuildPhase section */
		382BE12D1D921E8500554873 /* Resources */ = {
			isa = PBXResourcesBuildPhase;
			buildActionMask = 2147483647;
			files = (
				382BE13D1D921E8600554873 /* LaunchScreen.storyboard in Resources */,
				382BE13A1D921E8600554873 /* Assets.xcassets in Resources */,
				382BE1381D921E8600554873 /* Main.storyboard in Resources */,
			);
			runOnlyForDeploymentPostprocessing = 0;
		};
/* End PBXResourcesBuildPhase section */

/* Begin PBXShellScriptBuildPhase section */
		4EA58E23A3978342A6ABA847 /* [CP] Copy Pods Resources */ = {
			isa = PBXShellScriptBuildPhase;
			buildActionMask = 2147483647;
			files = (
			);
			inputPaths = (
			);
			name = "[CP] Copy Pods Resources";
			outputPaths = (
			);
			runOnlyForDeploymentPostprocessing = 0;
			shellPath = /bin/sh;
			shellScript = "\"${SRCROOT}/Pods/Target Support Files/Pods-Watchlist/Pods-Watchlist-resources.sh\"\n";
			showEnvVarsInLog = 0;
		};
		D5595B823E8E5906BFB49867 /* [CP] Check Pods Manifest.lock */ = {
			isa = PBXShellScriptBuildPhase;
			buildActionMask = 2147483647;
			files = (
			);
			inputPaths = (
			);
			name = "[CP] Check Pods Manifest.lock";
			outputPaths = (
			);
			runOnlyForDeploymentPostprocessing = 0;
			shellPath = /bin/sh;
			shellScript = "diff \"${PODS_ROOT}/../Podfile.lock\" \"${PODS_ROOT}/Manifest.lock\" > /dev/null\nif [ $? != 0 ] ; then\n    # print error to STDERR\n    echo \"error: The sandbox is not in sync with the Podfile.lock. Run 'pod install' or update your CocoaPods installation.\" >&2\n    exit 1\nfi\n";
			showEnvVarsInLog = 0;
		};
		E43EC7250496CB3A563532DE /* [CP] Embed Pods Frameworks */ = {
			isa = PBXShellScriptBuildPhase;
			buildActionMask = 2147483647;
			files = (
			);
			inputPaths = (
			);
			name = "[CP] Embed Pods Frameworks";
			outputPaths = (
			);
			runOnlyForDeploymentPostprocessing = 0;
			shellPath = /bin/sh;
			shellScript = "\"${SRCROOT}/Pods/Target Support Files/Pods-Watchlist/Pods-Watchlist-frameworks.sh\"\n";
			showEnvVarsInLog = 0;
		};
/* End PBXShellScriptBuildPhase section */

/* Begin PBXSourcesBuildPhase section */
		382BE12B1D921E8500554873 /* Sources */ = {
			isa = PBXSourcesBuildPhase;
			buildActionMask = 2147483647;
			files = (
				38D633CC1DB6D39000AD0CE1 /* Movie.swift in Sources */,
				382BE1331D921E8500554873 /* AppDelegate.swift in Sources */,
				38F6530C1D9447BE00448C2E /* ResultViewController.swift in Sources */,
				3813A5301DB70AF300D8C869 /* APIClient.swift in Sources */,
				385C09AB1DB6F87300D03A5C /* ViewController.swift in Sources */,
				3873E5B71DB99E69008BBF43 /* JSONModel.swift in Sources */,
			);
			runOnlyForDeploymentPostprocessing = 0;
		};
/* End PBXSourcesBuildPhase section */

/* Begin PBXVariantGroup section */
		382BE1361D921E8600554873 /* Main.storyboard */ = {
			isa = PBXVariantGroup;
			children = (
				382BE1371D921E8600554873 /* Base */,
			);
			name = Main.storyboard;
			sourceTree = "<group>";
		};
		382BE13B1D921E8600554873 /* LaunchScreen.storyboard */ = {
			isa = PBXVariantGroup;
			children = (
				382BE13C1D921E8600554873 /* Base */,
			);
			name = LaunchScreen.storyboard;
			sourceTree = "<group>";
		};
/* End PBXVariantGroup section */

/* Begin XCBuildConfiguration section */
		382BE13F1D921E8600554873 /* Debug */ = {
			isa = XCBuildConfiguration;
			buildSettings = {
				ALWAYS_SEARCH_USER_PATHS = NO;
				CLANG_ANALYZER_NONNULL = YES;
				CLANG_CXX_LANGUAGE_STANDARD = "gnu++0x";
				CLANG_CXX_LIBRARY = "libc++";
				CLANG_ENABLE_MODULES = YES;
				CLANG_ENABLE_OBJC_ARC = YES;
				CLANG_WARN_BOOL_CONVERSION = YES;
				CLANG_WARN_CONSTANT_CONVERSION = YES;
				CLANG_WARN_DIRECT_OBJC_ISA_USAGE = YES_ERROR;
				CLANG_WARN_EMPTY_BODY = YES;
				CLANG_WARN_ENUM_CONVERSION = YES;
				CLANG_WARN_INFINITE_RECURSION = YES;
				CLANG_WARN_INT_CONVERSION = YES;
				CLANG_WARN_OBJC_ROOT_CLASS = YES_ERROR;
				CLANG_WARN_SUSPICIOUS_MOVE = YES;
				CLANG_WARN_UNREACHABLE_CODE = YES;
				CLANG_WARN__DUPLICATE_METHOD_MATCH = YES;
				"CODE_SIGN_IDENTITY[sdk=iphoneos*]" = "iPhone Developer";
				COPY_PHASE_STRIP = NO;
				DEBUG_INFORMATION_FORMAT = dwarf;
				ENABLE_STRICT_OBJC_MSGSEND = YES;
				ENABLE_TESTABILITY = YES;
				GCC_C_LANGUAGE_STANDARD = gnu99;
				GCC_DYNAMIC_NO_PIC = NO;
				GCC_NO_COMMON_BLOCKS = YES;
				GCC_OPTIMIZATION_LEVEL = 0;
				GCC_PREPROCESSOR_DEFINITIONS = (
					"DEBUG=1",
					"$(inherited)",
				);
				GCC_WARN_64_TO_32_BIT_CONVERSION = YES;
				GCC_WARN_ABOUT_RETURN_TYPE = YES_ERROR;
				GCC_WARN_UNDECLARED_SELECTOR = YES;
				GCC_WARN_UNINITIALIZED_AUTOS = YES_AGGRESSIVE;
				GCC_WARN_UNUSED_FUNCTION = YES;
				GCC_WARN_UNUSED_VARIABLE = YES;
				IPHONEOS_DEPLOYMENT_TARGET = 9.3;
				MTL_ENABLE_DEBUG_INFO = YES;
				ONLY_ACTIVE_ARCH = YES;
				SDKROOT = iphoneos;
				SWIFT_OPTIMIZATION_LEVEL = "-Onone";
			};
			name = Debug;
		};
		382BE1401D921E8600554873 /* Release */ = {
			isa = XCBuildConfiguration;
			buildSettings = {
				ALWAYS_SEARCH_USER_PATHS = NO;
				CLANG_ANALYZER_NONNULL = YES;
				CLANG_CXX_LANGUAGE_STANDARD = "gnu++0x";
				CLANG_CXX_LIBRARY = "libc++";
				CLANG_ENABLE_MODULES = YES;
				CLANG_ENABLE_OBJC_ARC = YES;
				CLANG_WARN_BOOL_CONVERSION = YES;
				CLANG_WARN_CONSTANT_CONVERSION = YES;
				CLANG_WARN_DIRECT_OBJC_ISA_USAGE = YES_ERROR;
				CLANG_WARN_EMPTY_BODY = YES;
				CLANG_WARN_ENUM_CONVERSION = YES;
				CLANG_WARN_INFINITE_RECURSION = YES;
				CLANG_WARN_INT_CONVERSION = YES;
				CLANG_WARN_OBJC_ROOT_CLASS = YES_ERROR;
				CLANG_WARN_SUSPICIOUS_MOVE = YES;
				CLANG_WARN_UNREACHABLE_CODE = YES;
				CLANG_WARN__DUPLICATE_METHOD_MATCH = YES;
				"CODE_SIGN_IDENTITY[sdk=iphoneos*]" = "iPhone Developer";
				COPY_PHASE_STRIP = NO;
				DEBUG_INFORMATION_FORMAT = "dwarf-with-dsym";
				ENABLE_NS_ASSERTIONS = NO;
				ENABLE_STRICT_OBJC_MSGSEND = YES;
				GCC_C_LANGUAGE_STANDARD = gnu99;
				GCC_NO_COMMON_BLOCKS = YES;
				GCC_WARN_64_TO_32_BIT_CONVERSION = YES;
				GCC_WARN_ABOUT_RETURN_TYPE = YES_ERROR;
				GCC_WARN_UNDECLARED_SELECTOR = YES;
				GCC_WARN_UNINITIALIZED_AUTOS = YES_AGGRESSIVE;
				GCC_WARN_UNUSED_FUNCTION = YES;
				GCC_WARN_UNUSED_VARIABLE = YES;
				IPHONEOS_DEPLOYMENT_TARGET = 9.3;
				MTL_ENABLE_DEBUG_INFO = NO;
				SDKROOT = iphoneos;
				SWIFT_OPTIMIZATION_LEVEL = "-Owholemodule";
				VALIDATE_PRODUCT = YES;
			};
			name = Release;
		};
		382BE1421D921E8600554873 /* Debug */ = {
			isa = XCBuildConfiguration;
			baseConfigurationReference = 2319DCD9A8CC49AADF436278 /* Pods-Watchlist.debug.xcconfig */;
			buildSettings = {
				ASSETCATALOG_COMPILER_APPICON_NAME = AppIcon;
				FRAMEWORK_SEARCH_PATHS = (
					"$(inherited)",
					"$(PROJECT_DIR)/build/Debug-iphoneos/AlamofireObjectMapper",
					"$(PROJECT_DIR)/build/Release-iphoneos/ObjectMapper",
				);
				INFOPLIST_FILE = Watchlist/Info.plist;
				IPHONEOS_DEPLOYMENT_TARGET = 9.0;
				LD_RUNPATH_SEARCH_PATHS = "$(inherited) @executable_path/Frameworks";
				PRODUCT_BUNDLE_IDENTIFIER = com.jeffhabs.Watchlist;
				PRODUCT_NAME = "$(TARGET_NAME)";
				SWIFT_VERSION = 3.0;
			};
			name = Debug;
		};
		382BE1431D921E8600554873 /* Release */ = {
			isa = XCBuildConfiguration;
			baseConfigurationReference = A43B68C62790958F45BD742F /* Pods-Watchlist.release.xcconfig */;
			buildSettings = {
				ASSETCATALOG_COMPILER_APPICON_NAME = AppIcon;
				FRAMEWORK_SEARCH_PATHS = (
					"$(inherited)",
					"$(PROJECT_DIR)/build/Debug-iphoneos/AlamofireObjectMapper",
					"$(PROJECT_DIR)/build/Release-iphoneos/ObjectMapper",
				);
				INFOPLIST_FILE = Watchlist/Info.plist;
				IPHONEOS_DEPLOYMENT_TARGET = 9.0;
				LD_RUNPATH_SEARCH_PATHS = "$(inherited) @executable_path/Frameworks";
				PRODUCT_BUNDLE_IDENTIFIER = com.jeffhabs.Watchlist;
				PRODUCT_NAME = "$(TARGET_NAME)";
				SWIFT_VERSION = 3.0;
			};
			name = Release;
		};
/* End XCBuildConfiguration section */

/* Begin XCConfigurationList section */
		382BE12A1D921E8500554873 /* Build configuration list for PBXProject "Watchlist" */ = {
			isa = XCConfigurationList;
			buildConfigurations = (
				382BE13F1D921E8600554873 /* Debug */,
				382BE1401D921E8600554873 /* Release */,
			);
			defaultConfigurationIsVisible = 0;
			defaultConfigurationName = Release;
		};
		382BE1411D921E8600554873 /* Build configuration list for PBXNativeTarget "Watchlist" */ = {
			isa = XCConfigurationList;
			buildConfigurations = (
				382BE1421D921E8600554873 /* Debug */,
				382BE1431D921E8600554873 /* Release */,
			);
			defaultConfigurationIsVisible = 0;
			defaultConfigurationName = Release;
		};
/* End XCConfigurationList section */
	};
	rootObject = 382BE1271D921E8500554873 /* Project object */;
}
